
Microsoft Visual Studio Solution File, Format Version 12.00
# Visual Studio 15
VisualStudioVersion = 15.0.28307.1758
MinimumVisualStudioVersion = 10.0.40219.1
Project("{FAE04EC0-301F-11D3-BF4B-00C04F79EFBC}") = "QuanLyCaFe", "QuanLyCaFe\QuanLyCaFe.csproj", "{D41C0931-64EF-4768-B456-85E4B7B61845}"
EndProject
Project("{FAE04EC0-301F-11D3-BF4B-00C04F79EFBC}") = "BLL", "BLL\BLL.csproj", "{FBFB801A-A613-40E4-9378-11F66BCDD364}"
EndProject
Project("{FAE04EC0-301F-11D3-BF4B-00C04F79EFBC}") = "DAL", "DAL\DAL.csproj", "{3B808977-E696-4CDB-9F54-0BE6453F7CCD}"
EndProject
Global
	GlobalSection(SolutionConfigurationPlatforms) = preSolution
		Debug|Any CPU = Debug|Any CPU
		Release|Any CPU = Release|Any CPU
	EndGlobalSection
	GlobalSection(ProjectConfigurationPlatforms) = postSolution
		{D41C0931-64EF-4768-B456-85E4B7B61845}.Debug|Any CPU.ActiveCfg = Debug|Any CPU
		{D41C0931-64EF-4768-B456-85E4B7B61845}.Debug|Any CPU.Build.0 = Debug|Any CPU
		{D41C0931-64EF-4768-B456-85E4B7B61845}.Release|Any CPU.ActiveCfg = Release|Any CPU
		{D41C0931-64EF-4768-B456-85E4B7B61845}.Release|Any CPU.Build.0 = Release|Any CPU
		{FBFB801A-A613-40E4-9378-11F66BCDD364}.Debug|Any CPU.ActiveCfg = Debug|Any CPU
		{FBFB801A-A613-40E4-9378-11F66BCDD364}.Debug|Any CPU.Build.0 = Debug|Any CPU
		{FBFB801A-A613-40E4-9378-11F66BCDD364}.Release|Any CPU.ActiveCfg = Release|Any CPU
		{FBFB801A-A613-40E4-9378-11F66BCDD364}.Release|Any CPU.Build.0 = Release|Any CPU
		{3B808977-E696-4CDB-9F54-0BE6453F7CCD}.Debug|Any CPU.ActiveCfg = Debug|Any CPU
		{3B808977-E696-4CDB-9F54-0BE6453F7CCD}.Debug|Any CPU.Build.0 = Debug|Any CPU
		{3B808977-E696-4CDB-9F54-0BE6453F7CCD}.Release|Any CPU.ActiveCfg = Release|Any CPU
		{3B808977-E696-4CDB-9F54-0BE6453F7CCD}.Release|Any CPU.Build.0 = Release|Any CPU
	EndGlobalSection
	GlobalSection(SolutionProperties) = preSolution
		HideSolutionNode = FALSE
	EndGlobalSection
	GlobalSection(ExtensibilityGlobals) = postSolution
		SolutionGuid = {A101D740-3FEB-4E35-8F1D-025518B5867B}
	EndGlobalSection
EndGlobal
